# This is a Gradle generated file for dependency locking.
# Manual edits can break the build and are not advised.
# This file is expected to be part of source control.
ch.qos.logback:logback-core:1.2.3=compileClasspath,runtimeClasspath
com.fasterxml.jackson.core:jackson-databind:2.9.10=compileClasspath,runtimeClasspath
com.google.code.gson:gson:2.10.1=compileClasspath,runtimeClasspath
org.slf4j:slf4j-api:2.0.12=compileClasspath,runtimeClasspath
empty=
